
Microsoft Visual Studio Solution File, Format Version 12.00
# Visual Studio Version 17
VisualStudioVersion = 17.14.36603.0
MinimumVisualStudioVersion = 10.0.40219.1
Project("{FAE04EC0-301F-11D3-BF4B-00C04F79EFBC}") = "MQTT客户端", "MQTT客户端\MQTT客户端.csproj", "{AC999ADE-6D3C-4730-95B5-5989A5642567}"
EndProject
Project("{FAE04EC0-301F-11D3-BF4B-00C04F79EFBC}") = "EXCEL表变图", "EXCEL表变图\EXCEL表变图.csproj", "{CDBE7C96-336A-4250-B8C9-5664445F32BC}"
EndProject
Project("{FAE04EC0-301F-11D3-BF4B-00C04F79EFBC}") = "我在学习一下", "我在学习一下\我在学习一下.csproj", "{5C1A9989-4185-4A0C-BF54-CDAFAB9737D1}"
EndProject
Global
	GlobalSection(SolutionConfigurationPlatforms) = preSolution
		Debug|Any CPU = Debug|Any CPU
		Release|Any CPU = Release|Any CPU
	EndGlobalSection
	GlobalSection(ProjectConfigurationPlatforms) = postSolution
		{AC999ADE-6D3C-4730-95B5-5989A5642567}.Debug|Any CPU.ActiveCfg = Debug|Any CPU
		{AC999ADE-6D3C-4730-95B5-5989A5642567}.Debug|Any CPU.Build.0 = Debug|Any CPU
		{AC999ADE-6D3C-4730-95B5-5989A5642567}.Release|Any CPU.ActiveCfg = Release|Any CPU
		{AC999ADE-6D3C-4730-95B5-5989A5642567}.Release|Any CPU.Build.0 = Release|Any CPU
		{CDBE7C96-336A-4250-B8C9-5664445F32BC}.Debug|Any CPU.ActiveCfg = Debug|Any CPU
		{CDBE7C96-336A-4250-B8C9-5664445F32BC}.Debug|Any CPU.Build.0 = Debug|Any CPU
		{CDBE7C96-336A-4250-B8C9-5664445F32BC}.Release|Any CPU.ActiveCfg = Release|Any CPU
		{CDBE7C96-336A-4250-B8C9-5664445F32BC}.Release|Any CPU.Build.0 = Release|Any CPU
		{5C1A9989-4185-4A0C-BF54-CDAFAB9737D1}.Debug|Any CPU.ActiveCfg = Debug|Any CPU
		{5C1A9989-4185-4A0C-BF54-CDAFAB9737D1}.Debug|Any CPU.Build.0 = Debug|Any CPU
		{5C1A9989-4185-4A0C-BF54-CDAFAB9737D1}.Release|Any CPU.ActiveCfg = Release|Any CPU
		{5C1A9989-4185-4A0C-BF54-CDAFAB9737D1}.Release|Any CPU.Build.0 = Release|Any CPU
	EndGlobalSection
	GlobalSection(SolutionProperties) = preSolution
		HideSolutionNode = FALSE
	EndGlobalSection
	GlobalSection(ExtensibilityGlobals) = postSolution
		SolutionGuid = {96BEC0A3-2033-44E3-AFD8-1BCC208C9E8A}
	EndGlobalSection
EndGlobal
